#MicroXplorer Configuration settings - do not modify
Dma.Request0=SPI1_RX
Dma.Request1=SPI1_TX
Dma.RequestsNb=2
Dma.SPI1_RX.0.Direction=DMA_PERIPH_TO_MEMORY
Dma.SPI1_RX.0.FIFOMode=DMA_FIFOMODE_DISABLE
Dma.SPI1_RX.0.Instance=DMA2_Stream0
Dma.SPI1_RX.0.MemDataAlignment=DMA_MDATAALIGN_BYTE
Dma.SPI1_RX.0.MemInc=DMA_MINC_ENABLE
Dma.SPI1_RX.0.Mode=DMA_NORMAL
Dma.SPI1_RX.0.PeriphDataAlignment=DMA_PDATAALIGN_BYTE
Dma.SPI1_RX.0.PeriphInc=DMA_PINC_DISABLE
Dma.SPI1_RX.0.Priority=DMA_PRIORITY_LOW
Dma.SPI1_RX.0.RequestParameters=Instance,Direction,PeriphInc,MemInc,PeriphDataAlignment,MemDataAlignment,Mode,Priority,FIFOMode
Dma.SPI1_TX.1.Direction=DMA_MEMORY_TO_PERIPH
Dma.SPI1_TX.1.FIFOMode=DMA_FIFOMODE_DISABLE
Dma.SPI1_TX.1.Instance=DMA2_Stream3
Dma.SPI1_TX.1.MemDataAlignment=DMA_MDATAALIGN_BYTE
Dma.SPI1_TX.1.MemInc=DMA_MINC_ENABLE
Dma.SPI1_TX.1.Mode=DMA_NORMAL
Dma.SPI1_TX.1.PeriphDataAlignment=DMA_PDATAALIGN_BYTE
Dma.SPI1_TX.1.PeriphInc=DMA_PINC_DISABLE
Dma.SPI1_TX.1.Priority=DMA_PRIORITY_LOW
Dma.SPI1_TX.1.RequestParameters=Instance,Direction,PeriphInc,MemInc,PeriphDataAlignment,MemDataAlignment,Mode,Priority,FIFOMode
FREERTOS.BinarySemaphores01=myBinarySem01,Dynamic,NULL
FREERTOS.IPParameters=Tasks01,BinarySemaphores01,configTOTAL_HEAP_SIZE,configUSE_TIMERS,configTIMER_TASK_PRIORITY
FREERTOS.Tasks01=defaultTask,0,128,StartDefaultTask,Default,NULL,Dynamic,NULL,NULL
FREERTOS.configTIMER_TASK_PRIORITY=4
FREERTOS.configTOTAL_HEAP_SIZE=196608
FREERTOS.configUSE_TIMERS=1
File.Version=6
GPIO.groupedBy=Group By Peripherals
KeepUserPlacement=false
Mcu.Family=STM32F4
Mcu.IP0=DMA
Mcu.IP1=FREERTOS
Mcu.IP2=NVIC
Mcu.IP3=RCC
Mcu.IP4=SPI1
Mcu.IP5=SYS
Mcu.IP6=USART3
Mcu.IPNb=7
Mcu.Name=STM32F469NIHx
Mcu.Package=TFBGA216
Mcu.Pin0=PB5
Mcu.Pin1=PB4
Mcu.Pin10=VP_SYS_VS_tim6
Mcu.Pin2=PA15
Mcu.Pin3=PC7
Mcu.Pin4=PC6
Mcu.Pin5=PB13
Mcu.Pin6=PA5
Mcu.Pin7=PB10
Mcu.Pin8=PB11
Mcu.Pin9=VP_FREERTOS_VS_CMSIS_V1
Mcu.PinsNb=11
Mcu.ThirdPartyNb=0
Mcu.UserConstants=
Mcu.UserName=STM32F469NIHx
MxCube.Version=6.0.0
MxDb.Version=DB.6.0.0
NVIC.BusFault_IRQn=true\:0\:0\:false\:false\:true\:false\:false\:false
NVIC.DMA2_Stream0_IRQn=true\:0\:0\:false\:false\:true\:true\:false\:true
NVIC.DMA2_Stream3_IRQn=true\:0\:0\:false\:false\:true\:true\:false\:true
NVIC.DebugMonitor_IRQn=true\:0\:0\:false\:false\:true\:false\:false\:false
NVIC.EXTI9_5_IRQn=true\:15\:0\:true\:false\:true\:true\:true\:true
NVIC.ForceEnableDMAVector=true
NVIC.HardFault_IRQn=true\:0\:0\:false\:false\:true\:false\:false\:false
NVIC.MemoryManagement_IRQn=true\:0\:0\:false\:false\:true\:false\:false\:false
NVIC.NonMaskableInt_IRQn=true\:0\:0\:false\:false\:true\:false\:false\:false
NVIC.PendSV_IRQn=true\:15\:0\:false\:false\:false\:true\:false\:false
NVIC.PriorityGroup=NVIC_PRIORITYGROUP_4
NVIC.SPI1_IRQn=true\:0\:0\:false\:false\:true\:true\:true\:true
NVIC.SVCall_IRQn=true\:0\:0\:false\:false\:false\:false\:false\:false
NVIC.SavedPendsvIrqHandlerGenerated=true
NVIC.SavedSvcallIrqHandlerGenerated=true
NVIC.SavedSystickIrqHandlerGenerated=true
NVIC.SysTick_IRQn=true\:15\:0\:false\:false\:false\:true\:false\:false
NVIC.TIM6_DAC_IRQn=true\:0\:0\:false\:false\:true\:false\:false\:true
NVIC.TimeBase=TIM6_DAC_IRQn
NVIC.TimeBaseIP=TIM6
NVIC.UsageFault_IRQn=true\:0\:0\:false\:false\:true\:false\:false\:false
PA15.Locked=true
PA15.Signal=SPI1_NSS
PA5.Locked=true
PA5.Mode=Full_Duplex_Master
PA5.Signal=SPI1_SCK
PB10.Locked=true
PB10.Mode=Asynchronous
PB10.Signal=USART3_TX
PB11.Locked=true
PB11.Mode=Asynchronous
PB11.Signal=USART3_RX
PB13.GPIOParameters=PinState,GPIO_Label
PB13.GPIO_Label=GPIO_RESET
PB13.Locked=true
PB13.PinState=GPIO_PIN_SET
PB13.Signal=GPIO_Output
PB4.Mode=Full_Duplex_Master
PB4.Signal=SPI1_MISO
PB5.Mode=Full_Duplex_Master
PB5.Signal=SPI1_MOSI
PC6.GPIOParameters=GPIO_PuPd,GPIO_Label,GPIO_ModeDefaultEXTI
PC6.GPIO_Label=GPIO_HANDSHAKE
PC6.GPIO_ModeDefaultEXTI=GPIO_MODE_IT_RISING
PC6.GPIO_PuPd=GPIO_NOPULL
PC6.Locked=true
PC6.Signal=GPXTI6
PC7.GPIOParameters=GPIO_PuPd,GPIO_Label
PC7.GPIO_Label=GPIO_DATA_READY
PC7.GPIO_PuPd=GPIO_NOPULL
PC7.Locked=true
PC7.Signal=GPXTI7
PinOutPanel.CurrentBGAView=Top
PinOutPanel.RotationAngle=0
ProjectManager.AskForMigrate=true
ProjectManager.BackupPrevious=false
ProjectManager.CompilerOptimize=6
ProjectManager.ComputerToolchain=false
ProjectManager.CoupleFile=true
ProjectManager.CustomerFirmwarePackage=
ProjectManager.DefaultFWLocation=true
ProjectManager.DeletePrevious=true
ProjectManager.DeviceId=STM32F469NIHx
ProjectManager.FirmwarePackage=STM32Cube FW_F4 V1.25.0
ProjectManager.FreePins=false
ProjectManager.HalAssertFull=false
ProjectManager.HeapSize=0x200
ProjectManager.KeepUserCode=true
ProjectManager.LastFirmware=false
ProjectManager.LibraryCopy=1
ProjectManager.MainLocation=Core/Src
ProjectManager.NoMain=false
ProjectManager.PreviousToolchain=STM32CubeIDE
ProjectManager.ProjectBuild=false
ProjectManager.ProjectFileName=stm_spi_host_v1.ioc
ProjectManager.ProjectName=stm_spi_host
ProjectManager.RegisterCallBack=
ProjectManager.StackSize=0x400
ProjectManager.TargetToolchain=STM32CubeIDE
ProjectManager.ToolChainLocation=
ProjectManager.UnderRoot=true
ProjectManager.functionlistsort=1-MX_GPIO_Init-GPIO-false-HAL-true,2-MX_DMA_Init-DMA-false-HAL-true,3-SystemClock_Config-RCC-false-HAL-false,4-MX_SPI1_Init-SPI1-false-HAL-true,5-MX_USART3_UART_Init-USART3-false-HAL-true
RCC.AHBCLKDivider=RCC_SYSCLK_DIV4
RCC.AHBFreq_Value=20000000
RCC.APB1Freq_Value=20000000
RCC.APB1TimFreq_Value=20000000
RCC.APB2Freq_Value=20000000
RCC.APB2TimFreq_Value=20000000
RCC.CortexFreq_Value=20000000
RCC.DSIFreq_Value=62500000
RCC.DSITXEscFreq_Value=15625000
RCC.EthernetFreq_Value=80000000
RCC.FCLKCortexFreq_Value=20000000
RCC.FamilyName=M
RCC.HCLKFreq_Value=20000000
RCC.IPParameters=AHBCLKDivider,AHBFreq_Value,APB1Freq_Value,APB1TimFreq_Value,APB2Freq_Value,APB2TimFreq_Value,CortexFreq_Value,DSIFreq_Value,DSITXEscFreq_Value,EthernetFreq_Value,FCLKCortexFreq_Value,FamilyName,HCLKFreq_Value,LCDTFTFreq_Value,MCO2PinFreq_Value,PLLCLKFreq_Value,PLLDSIVCOFreq_Value,PLLI2SQCLKFreq_Value,PLLI2SRCLKFreq_Value,PLLN,PLLQCLKFreq_Value,PLLRCLKFreq_Value,PLLRFreq_Value,PLLSAIPCLKFreq_Value,PLLSAIQCLKFreq_Value,PLLSAIRCLKFreq_Value,RTCFreq_Value,RTCHSEDivFreq_Value,SDIOFreq_Value,SYSCLKFreq_VALUE,SYSCLKSource,USBFreq_Value,VCOI2SOutputFreq_Value,VCOInputFreq_Value,VCOOutputFreq_Value,VCOSAIOutputFreq_Value
RCC.LCDTFTFreq_Value=48000000
RCC.MCO2PinFreq_Value=80000000
RCC.PLLCLKFreq_Value=80000000
RCC.PLLDSIVCOFreq_Value=1000000000
RCC.PLLI2SQCLKFreq_Value=48000000
RCC.PLLI2SRCLKFreq_Value=96000000
RCC.PLLN=160
RCC.PLLQCLKFreq_Value=40000000
RCC.PLLRCLKFreq_Value=80000000
RCC.PLLRFreq_Value=80000000
RCC.PLLSAIPCLKFreq_Value=96000000
RCC.PLLSAIQCLKFreq_Value=48000000
RCC.PLLSAIRCLKFreq_Value=96000000
RCC.RTCFreq_Value=32000
RCC.RTCHSEDivFreq_Value=12500000
RCC.SDIOFreq_Value=40000000
RCC.SYSCLKFreq_VALUE=80000000
RCC.SYSCLKSource=RCC_SYSCLKSOURCE_PLLCLK
RCC.USBFreq_Value=40000000
RCC.VCOI2SOutputFreq_Value=192000000
RCC.VCOInputFreq_Value=1000000
RCC.VCOOutputFreq_Value=160000000
RCC.VCOSAIOutputFreq_Value=192000000
SH.GPXTI6.0=GPIO_EXTI6
SH.GPXTI6.ConfNb=1
SH.GPXTI7.0=GPIO_EXTI7
SH.GPXTI7.ConfNb=1
SPI1.BaudRatePrescaler=SPI_BAUDRATEPRESCALER_2
SPI1.CLKPhase=SPI_PHASE_1EDGE
SPI1.CLKPolarity=SPI_POLARITY_HIGH
SPI1.CalculateBaudRate=10.0 MBits/s
SPI1.Direction=SPI_DIRECTION_2LINES
SPI1.IPParameters=VirtualType,Mode,Direction,CalculateBaudRate,CLKPolarity,CLKPhase,BaudRatePrescaler
SPI1.Mode=SPI_MODE_MASTER
SPI1.VirtualType=VM_MASTER
USART3.IPParameters=VirtualMode
USART3.VirtualMode=VM_ASYNC
VP_FREERTOS_VS_CMSIS_V1.Mode=CMSIS_V1
VP_FREERTOS_VS_CMSIS_V1.Signal=FREERTOS_VS_CMSIS_V1
VP_SYS_VS_tim6.Mode=TIM6
VP_SYS_VS_tim6.Signal=SYS_VS_tim6
board=custom
